# This file is automatically @generated by Poetry 2.1.1 and should not be changed by hand.

[[package]]
name = "Django"
version = "4.2.0"
description = "A high-level Python web framework."
optional = false
python-versions = ">=3.8"
groups = ["main"]
files = [
    {file = "Django-4.2.0-py3-none-any.whl", hash = "sha256:00"},
]

[package.dependencies]
typing_extensions = {version = ">=4", markers = "python_version < \"3.11\""}

[[package]]
name = "internal-tool"
version = "0.5.0"
description = "Private tool"
optional = false
python-versions = "*"
groups = ["main"]
files = []
develop = false

[package.source]
type = "git"
url = "https://github.com/example/internal-tool.git"
reference = "HEAD"
resolved_reference = "abc123"

[[package]]
name = "corp-utils"
version = "3.1.0"
description = "From the company package index"
optional = false
python-versions = "*"
groups = ["main"]
files = []

[package.source]
type = "legacy"
url = "https://pypi.example.com/simple"
reference = "corp"

[[package]]
name = "pytest"
version = "8.3.3"
description = "pytest: simple powerful testing with Python"
optional = false
python-versions = ">=3.8"
groups = ["dev"]
files = []

[[package]]
name = "typing_extensions"
version = "4.12.2"
description = "Backported and Experimental Type Hints for Python 3.8+"
optional = false
python-versions = ">=3.8"
groups = ["main"]
files = []

[metadata]
lock-version = "2.1"
python-versions = "^3.10"
content-hash = "00"
