---
lockfileVersion: '9.0'

importers:

  .:
    configDependencies: {}
    packageManagerDependencies:
      '@pnpm/exe':
        specifier: 10.24.0
        version: 10.24.0

packages:

  '@pnpm/exe@10.24.0':
    resolution: {integrity: sha512-e}

snapshots:

  '@pnpm/exe@10.24.0': {}

---
lockfileVersion: '9.0'

settings:
  autoInstallPeers: true
  excludeLinksFromLockfile: false

importers:

  .:
    dependencies:
      lodash:
        specifier: ^4.17.21
        version: 4.17.21
      react:
        specifier: ^18.2.0
        version: 18.2.0
      shared-utils:
        specifier: workspace:*
        version: link:packages/shared-utils
    devDependencies:
      vite:
        specifier: ^5.0.0
        version: 5.0.6(@types/node@20.10.4)

packages:

  '@types/node@20.10.4':
    resolution: {integrity: sha512-a}

  lodash@4.17.21:
    resolution: {integrity: sha512-b}

  react@18.2.0:
    resolution: {integrity: sha512-c}

  vite@5.0.6:
    resolution: {integrity: sha512-d}

  forked-lib@https://codeload.github.com/example/forked-lib/tar.gz/abc123:
    resolution: {tarball: https://codeload.github.com/example/forked-lib/tar.gz/abc123}
    version: 1.0.0

snapshots:

  '@types/node@20.10.4': {}
  lodash@4.17.21: {}
  react@18.2.0: {}
  vite@5.0.6(@types/node@20.10.4):
    dependencies:
      '@types/node': 20.10.4
