# This file is generated by running "yarn install" inside your project.
# Manual changes might be lost - proceed with caution!

__metadata:
  version: 8
  cacheKey: 10c0

"lodash@npm:^4.17.15, lodash@npm:^4.17.21":
  version: 4.17.21
  resolution: "lodash@npm:4.17.21"
  checksum: 10c0/abc
  languageName: node
  linkType: hard

"react@npm:^18.2.0":
  version: 18.2.0
  resolution: "react@npm:18.2.0"
  languageName: node
  linkType: hard

"resolve@patch:resolve@npm%3A^1.22.8#optional!builtin<compat/resolve>":
  version: 1.22.8
  resolution: "resolve@patch:resolve@npm%3A1.22.8#optional!builtin<compat/resolve>::version=1.22.8&hash=c3c19d"
  languageName: node
  linkType: hard

"vite@npm:^5.0.0":
  version: 5.0.6
  resolution: "vite@npm:5.0.6"
  languageName: node
  linkType: hard

"yarn-berry-app@workspace:.":
  version: 0.0.0-use.local
  resolution: "yarn-berry-app@workspace:."
  languageName: unknown
  linkType: soft

"forked-lib@https://github.com/example/forked-lib.git#commit=abc123":
  version: 1.0.0
  resolution: "forked-lib@https://github.com/example/forked-lib.git#commit=abc123"
  languageName: node
  linkType: hard
